<Solution>
  <Configurations>
    <Platform Name="Any CPU" />
    <Platform Name="x64" />
    <Platform Name="x86" />
  </Configurations>
  <Folder Name="/Solution Items/">
    <File Path=".gitignore" />
    <File Path="LICENSE" />
  </Folder>
  <Project Path="TwsBridge/TwsBridge.vcxproj" Id="2bd0524d-ed54-4571-bde7-e84bcc07c802">
    <Platform Project="x64" />
  </Project>
  <Project Path="TwsLoginHelper/TwsLoginHelper.csproj">
    <Platform Project="x64" />
  </Project>
</Solution>
